
Microsoft Visual Studio Solution File, Format Version 12.00
# Visual Studio Version 17
VisualStudioVersion = 17.10.35201.131
MinimumVisualStudioVersion = 10.0.40219.1
Project("{9A19103F-16F7-4668-BE54-9A1E7A4F7556}") = "CF-LFG-Bot", "CF-LFG-Bot.csproj", "{0D31152B-725A-40A1-A489-7ED776BF57FD}"
EndProject
Project("{2150E333-8FDC-42A3-9474-1A3956D46DE8}") = "Solution Items", "Solution Items", "{3231DC25-009A-4376-B710-B2AF3B90484A}"
	ProjectSection(SolutionItems) = preProject
		.github\workflows\main.yml = .github\workflows\main.yml
	EndProjectSection
EndProject
Global
	GlobalSection(SolutionConfigurationPlatforms) = preSolution
		Debug|Any CPU = Debug|Any CPU
		Release|Any CPU = Release|Any CPU
	EndGlobalSection
	GlobalSection(ProjectConfigurationPlatforms) = postSolution
		{0D31152B-725A-40A1-A489-7ED776BF57FD}.Debug|Any CPU.ActiveCfg = Debug|Any CPU
		{0D31152B-725A-40A1-A489-7ED776BF57FD}.Debug|Any CPU.Build.0 = Debug|Any CPU
		{0D31152B-725A-40A1-A489-7ED776BF57FD}.Release|Any CPU.ActiveCfg = Release|Any CPU
		{0D31152B-725A-40A1-A489-7ED776BF57FD}.Release|Any CPU.Build.0 = Release|Any CPU
	EndGlobalSection
	GlobalSection(SolutionProperties) = preSolution
		HideSolutionNode = FALSE
	EndGlobalSection
	GlobalSection(ExtensibilityGlobals) = postSolution
		SolutionGuid = {FB8E4535-F654-4E2F-A968-975DF060A5D0}
	EndGlobalSection
EndGlobal
