
Microsoft Visual Studio Solution File, Format Version 12.00
# Visual Studio Version 17
VisualStudioVersion = 17.10.35201.131
MinimumVisualStudioVersion = 10.0.40219.1
Project("{FAE04EC0-301F-11D3-BF4B-00C04F79EFBC}") = "CF-LFG-Bot", "CF-LFG-Bot.csproj", "{0D31152B-725A-40A1-A489-7ED776BF57FD}"
EndProject
Global
	GlobalSection(SolutionConfigurationPlatforms) = preSolution
		Debug|Any CPU = Debug|Any CPU
		Release|Any CPU = Release|Any CPU
	EndGlobalSection
	GlobalSection(ProjectConfigurationPlatforms) = postSolution
		{0D31152B-725A-40A1-A489-7ED776BF57FD}.Debug|Any CPU.ActiveCfg = Debug|Any CPU
		{0D31152B-725A-40A1-A489-7ED776BF57FD}.Debug|Any CPU.Build.0 = Debug|Any CPU
		{0D31152B-725A-40A1-A489-7ED776BF57FD}.Release|Any CPU.ActiveCfg = Release|Any CPU
		{0D31152B-725A-40A1-A489-7ED776BF57FD}.Release|Any CPU.Build.0 = Release|Any CPU
	EndGlobalSection
	GlobalSection(SolutionProperties) = preSolution
		HideSolutionNode = FALSE
	EndGlobalSection
	GlobalSection(ExtensibilityGlobals) = postSolution
		SolutionGuid = {FB8E4535-F654-4E2F-A968-975DF060A5D0}
	EndGlobalSection
EndGlobal
